{
  "requires": true,
  "lockfileVersion": 1,
  "dependencies": {
    "@ngx-translate/core": {
      "version": "15.0.0",
      "resolved": "https://registry.npmjs.org/@ngx-translate/core/-/core-15.0.0.tgz",
      "integrity": "sha512-Am5uiuR0bOOxyoercDnAA3rJVizo4RRqJHo8N3RqJ+XfzVP/I845yEnMADykOHvM6HkVm4SZSnJBOiz0Anx5BA=="
    }
  }
}
